
Microsoft Visual Studio Solution File, Format Version 12.00
# Visual Studio Version 16
VisualStudioVersion = 16.0.31702.278
MinimumVisualStudioVersion = 10.0.40219.1
Project("{8BC9CEB8-8B4A-11D0-8D11-00A0C91BC942}") = "BDKpexHide", "BDKpexHide\BDKpexHide.vcxproj", "{A40B33D2-D16B-4C5C-B6FB-F7C0CE03A021}"
EndProject
Global
	GlobalSection(SolutionConfigurationPlatforms) = preSolution
		Debug|x64 = Debug|x64
		Debug|x86 = Debug|x86
		Release|x64 = Release|x64
		Release|x86 = Release|x86
	EndGlobalSection
	GlobalSection(ProjectConfigurationPlatforms) = postSolution
		{A40B33D2-D16B-4C5C-B6FB-F7C0CE03A021}.Debug|x64.ActiveCfg = Debug|x64
		{A40B33D2-D16B-4C5C-B6FB-F7C0CE03A021}.Debug|x64.Build.0 = Debug|x64
		{A40B33D2-D16B-4C5C-B6FB-F7C0CE03A021}.Debug|x86.ActiveCfg = Debug|Win32
		{A40B33D2-D16B-4C5C-B6FB-F7C0CE03A021}.Debug|x86.Build.0 = Debug|Win32
		{A40B33D2-D16B-4C5C-B6FB-F7C0CE03A021}.Release|x64.ActiveCfg = Release|x64
		{A40B33D2-D16B-4C5C-B6FB-F7C0CE03A021}.Release|x64.Build.0 = Release|x64
		{A40B33D2-D16B-4C5C-B6FB-F7C0CE03A021}.Release|x86.ActiveCfg = Release|Win32
		{A40B33D2-D16B-4C5C-B6FB-F7C0CE03A021}.Release|x86.Build.0 = Release|Win32
	EndGlobalSection
	GlobalSection(SolutionProperties) = preSolution
		HideSolutionNode = FALSE
	EndGlobalSection
	GlobalSection(ExtensibilityGlobals) = postSolution
		SolutionGuid = {362E3E8D-C30C-48FE-9FEE-DB542300E240}
	EndGlobalSection
EndGlobal
